
Microsoft Visual Studio Solution File, Format Version 12.00
# Visual Studio Version 17
VisualStudioVersion = 17.0.31919.166
MinimumVisualStudioVersion = 10.0.40219.1
Project("{FAE04EC0-301F-11D3-BF4B-00C04F79EFBC}") = "Zadatak 1", "Zadatak 1.csproj", "{D755B131-60AE-4EC5-AFE9-7F08707A537A}"
EndProject
Global
	GlobalSection(SolutionConfigurationPlatforms) = preSolution
		Debug|Any CPU = Debug|Any CPU
		Release|Any CPU = Release|Any CPU
	EndGlobalSection
	GlobalSection(ProjectConfigurationPlatforms) = postSolution
		{D755B131-60AE-4EC5-AFE9-7F08707A537A}.Debug|Any CPU.ActiveCfg = Debug|Any CPU
		{D755B131-60AE-4EC5-AFE9-7F08707A537A}.Debug|Any CPU.Build.0 = Debug|Any CPU
		{D755B131-60AE-4EC5-AFE9-7F08707A537A}.Release|Any CPU.ActiveCfg = Release|Any CPU
		{D755B131-60AE-4EC5-AFE9-7F08707A537A}.Release|Any CPU.Build.0 = Release|Any CPU
	EndGlobalSection
	GlobalSection(SolutionProperties) = preSolution
		HideSolutionNode = FALSE
	EndGlobalSection
	GlobalSection(ExtensibilityGlobals) = postSolution
		SolutionGuid = {7AD02E2A-F908-4F2F-B72C-2A8C63DED545}
	EndGlobalSection
EndGlobal
