
Microsoft Visual Studio Solution File, Format Version 12.00
# Visual Studio Version 17
VisualStudioVersion = 17.0.31919.166
MinimumVisualStudioVersion = 10.0.40219.1
Project("{FAE04EC0-301F-11D3-BF4B-00C04F79EFBC}") = "Zadatak 3", "Zadatak 3.csproj", "{12CA0387-0D57-47E3-9E6B-1AA051173932}"
EndProject
Global
	GlobalSection(SolutionConfigurationPlatforms) = preSolution
		Debug|Any CPU = Debug|Any CPU
		Release|Any CPU = Release|Any CPU
	EndGlobalSection
	GlobalSection(ProjectConfigurationPlatforms) = postSolution
		{12CA0387-0D57-47E3-9E6B-1AA051173932}.Debug|Any CPU.ActiveCfg = Debug|Any CPU
		{12CA0387-0D57-47E3-9E6B-1AA051173932}.Debug|Any CPU.Build.0 = Debug|Any CPU
		{12CA0387-0D57-47E3-9E6B-1AA051173932}.Release|Any CPU.ActiveCfg = Release|Any CPU
		{12CA0387-0D57-47E3-9E6B-1AA051173932}.Release|Any CPU.Build.0 = Release|Any CPU
	EndGlobalSection
	GlobalSection(SolutionProperties) = preSolution
		HideSolutionNode = FALSE
	EndGlobalSection
	GlobalSection(ExtensibilityGlobals) = postSolution
		SolutionGuid = {AFBBE008-73FA-46AB-952E-4A69E7B58331}
	EndGlobalSection
EndGlobal
